
Microsoft Visual Studio Solution File, Format Version 12.00
# Visual Studio Version 16
VisualStudioVersion = 16.0.29709.97
MinimumVisualStudioVersion = 10.0.40219.1
Project("{FAE04EC0-301F-11D3-BF4B-00C04F79EFBC}") = "OnlineBookstore", "OnlineBookstore\OnlineBookstore.csproj", "{2454BEB8-A1C8-4862-9D24-74F44E2DF921}"
EndProject
Global
	GlobalSection(SolutionConfigurationPlatforms) = preSolution
		Debug|Any CPU = Debug|Any CPU
		Release|Any CPU = Release|Any CPU
	EndGlobalSection
	GlobalSection(ProjectConfigurationPlatforms) = postSolution
		{2454BEB8-A1C8-4862-9D24-74F44E2DF921}.Debug|Any CPU.ActiveCfg = Debug|Any CPU
		{2454BEB8-A1C8-4862-9D24-74F44E2DF921}.Debug|Any CPU.Build.0 = Debug|Any CPU
		{2454BEB8-A1C8-4862-9D24-74F44E2DF921}.Release|Any CPU.ActiveCfg = Release|Any CPU
		{2454BEB8-A1C8-4862-9D24-74F44E2DF921}.Release|Any CPU.Build.0 = Release|Any CPU
	EndGlobalSection
	GlobalSection(SolutionProperties) = preSolution
		HideSolutionNode = FALSE
	EndGlobalSection
	GlobalSection(ExtensibilityGlobals) = postSolution
		SolutionGuid = {18EB6D2C-70F2-4CDF-9FF3-5251FBF97D8A}
	EndGlobalSection
EndGlobal
